
Microsoft Visual Studio Solution File, Format Version 12.00
# Visual Studio 15
VisualStudioVersion = 15.0.28010.2046
MinimumVisualStudioVersion = 10.0.40219.1
Project("{FAE04EC0-301F-11D3-BF4B-00C04F79EFBC}") = "TeduShop.Common", "TeduShop.Common\TeduShop.Common.csproj", "{04CBD808-032C-499B-9B6A-CE7C3E90DB91}"
EndProject
Project("{FAE04EC0-301F-11D3-BF4B-00C04F79EFBC}") = "TeduShop.Model", "TeduShop.Model\TeduShop.Model.csproj", "{D7F8885D-516E-439E-B6E2-B2D8FF97AD0A}"
EndProject
Project("{FAE04EC0-301F-11D3-BF4B-00C04F79EFBC}") = "TeduShop.Data", "TeduShop.Data\TeduShop.Data.csproj", "{AB0F9B21-5FDD-4320-9E11-1A610202BDE6}"
EndProject
Project("{FAE04EC0-301F-11D3-BF4B-00C04F79EFBC}") = "TeduShop.Services", "TeduShop.Services\TeduShop.Services.csproj", "{FEE96FD0-33B0-4FFD-AAA4-DA354ABE37A5}"
EndProject
Project("{FAE04EC0-301F-11D3-BF4B-00C04F79EFBC}") = "TeduShop.UnitTest", "TeduShop.UnitTest\TeduShop.UnitTest.csproj", "{6373259E-0847-48C1-9EB6-8FE6BAAB4DF1}"
EndProject
Project("{FAE04EC0-301F-11D3-BF4B-00C04F79EFBC}") = "TeduShop.Web", "TeduShop.Web\TeduShop.Web.csproj", "{6D1E71A0-8E54-47ED-ABC3-475AAE630D59}"
EndProject
Global
	GlobalSection(SolutionConfigurationPlatforms) = preSolution
		Debug|Any CPU = Debug|Any CPU
		Release|Any CPU = Release|Any CPU
	EndGlobalSection
	GlobalSection(ProjectConfigurationPlatforms) = postSolution
		{04CBD808-032C-499B-9B6A-CE7C3E90DB91}.Debug|Any CPU.ActiveCfg = Debug|Any CPU
		{04CBD808-032C-499B-9B6A-CE7C3E90DB91}.Debug|Any CPU.Build.0 = Debug|Any CPU
		{04CBD808-032C-499B-9B6A-CE7C3E90DB91}.Release|Any CPU.ActiveCfg = Release|Any CPU
		{04CBD808-032C-499B-9B6A-CE7C3E90DB91}.Release|Any CPU.Build.0 = Release|Any CPU
		{D7F8885D-516E-439E-B6E2-B2D8FF97AD0A}.Debug|Any CPU.ActiveCfg = Debug|Any CPU
		{D7F8885D-516E-439E-B6E2-B2D8FF97AD0A}.Debug|Any CPU.Build.0 = Debug|Any CPU
		{D7F8885D-516E-439E-B6E2-B2D8FF97AD0A}.Release|Any CPU.ActiveCfg = Release|Any CPU
		{D7F8885D-516E-439E-B6E2-B2D8FF97AD0A}.Release|Any CPU.Build.0 = Release|Any CPU
		{AB0F9B21-5FDD-4320-9E11-1A610202BDE6}.Debug|Any CPU.ActiveCfg = Debug|Any CPU
		{AB0F9B21-5FDD-4320-9E11-1A610202BDE6}.Debug|Any CPU.Build.0 = Debug|Any CPU
		{AB0F9B21-5FDD-4320-9E11-1A610202BDE6}.Release|Any CPU.ActiveCfg = Release|Any CPU
		{AB0F9B21-5FDD-4320-9E11-1A610202BDE6}.Release|Any CPU.Build.0 = Release|Any CPU
		{FEE96FD0-33B0-4FFD-AAA4-DA354ABE37A5}.Debug|Any CPU.ActiveCfg = Debug|Any CPU
		{FEE96FD0-33B0-4FFD-AAA4-DA354ABE37A5}.Debug|Any CPU.Build.0 = Debug|Any CPU
		{FEE96FD0-33B0-4FFD-AAA4-DA354ABE37A5}.Release|Any CPU.ActiveCfg = Release|Any CPU
		{FEE96FD0-33B0-4FFD-AAA4-DA354ABE37A5}.Release|Any CPU.Build.0 = Release|Any CPU
		{6373259E-0847-48C1-9EB6-8FE6BAAB4DF1}.Debug|Any CPU.ActiveCfg = Debug|Any CPU
		{6373259E-0847-48C1-9EB6-8FE6BAAB4DF1}.Debug|Any CPU.Build.0 = Debug|Any CPU
		{6373259E-0847-48C1-9EB6-8FE6BAAB4DF1}.Release|Any CPU.ActiveCfg = Release|Any CPU
		{6373259E-0847-48C1-9EB6-8FE6BAAB4DF1}.Release|Any CPU.Build.0 = Release|Any CPU
		{6D1E71A0-8E54-47ED-ABC3-475AAE630D59}.Debug|Any CPU.ActiveCfg = Debug|Any CPU
		{6D1E71A0-8E54-47ED-ABC3-475AAE630D59}.Debug|Any CPU.Build.0 = Debug|Any CPU
		{6D1E71A0-8E54-47ED-ABC3-475AAE630D59}.Release|Any CPU.ActiveCfg = Release|Any CPU
		{6D1E71A0-8E54-47ED-ABC3-475AAE630D59}.Release|Any CPU.Build.0 = Release|Any CPU
	EndGlobalSection
	GlobalSection(SolutionProperties) = preSolution
		HideSolutionNode = FALSE
	EndGlobalSection
	GlobalSection(ExtensibilityGlobals) = postSolution
		SolutionGuid = {3C69B37C-C653-4079-A26D-2F2A20384AC6}
	EndGlobalSection
EndGlobal
